
Microsoft Visual Studio Solution File, Format Version 12.00
# Visual Studio Version 16
VisualStudioVersion = 16.0.30611.23
MinimumVisualStudioVersion = 10.0.40219.1
Project("{9A19103F-16F7-4668-BE54-9A1E7A4F7556}") = "Infrastructure", "Infrastructure\Infrastructure.csproj", "{D99963FE-79C8-4428-93C2-3B72C6A52DAB}"
EndProject
Project("{54435603-DBB4-11D2-8724-00A0C9A8B90C}") = "Installer", "Installer\Installer.vdproj", "{8F3E523B-BB98-455D-9535-CD3CBDB9C26E}"
EndProject
Project("{2150E333-8FDC-42A3-9474-1A3956D46DE8}") = "Solution Items", "Solution Items", "{8726517D-94EC-47C4-8B5E-59C5D9ECE220}"
	ProjectSection(SolutionItems) = preProject
		Installer\EnableLaunchApplication.js = Installer\EnableLaunchApplication.js
	EndProjectSection
EndProject
Project("{2150E333-8FDC-42A3-9474-1A3956D46DE8}") = "Tests", "Tests", "{BE4C5421-2738-4272-9CB5-4C097A83DD44}"
EndProject
Project("{9A19103F-16F7-4668-BE54-9A1E7A4F7556}") = "Infrastructure.Tests", "Infrastructure.Tests\Infrastructure.Tests.csproj", "{F51B4241-678A-40E2-B029-816188522ED3}"
EndProject
Project("{FAE04EC0-301F-11D3-BF4B-00C04F79EFBC}") = "Core", "Core\Core.csproj", "{E02BD446-5E8A-49CD-B859-0769FF71B495}"
EndProject
Project("{FAE04EC0-301F-11D3-BF4B-00C04F79EFBC}") = "AutoGame.Tests", "AutoGame.Tests\AutoGame.Tests.csproj", "{4B423071-6CF4-4B94-BA09-37530A69923A}"
EndProject
Project("{FAE04EC0-301F-11D3-BF4B-00C04F79EFBC}") = "Core.Tests", "Core.Tests\Core.Tests.csproj", "{BDA1BDEE-DA4B-4326-8D16-92566963CE01}"
EndProject
Project("{FAE04EC0-301F-11D3-BF4B-00C04F79EFBC}") = "IntegrationTests", "IntegrationTests\IntegrationTests.csproj", "{9772F0E3-65BE-4EE8-8A9E-D800AF1510AA}"
EndProject
Project("{FAE04EC0-301F-11D3-BF4B-00C04F79EFBC}") = "AutoGame", "AutoGame\AutoGame.csproj", "{27208B88-2563-4BCD-9761-C22D24DA00E0}"
EndProject
Global
	GlobalSection(SolutionConfigurationPlatforms) = preSolution
		Debug|Any CPU = Debug|Any CPU
		Release|Any CPU = Release|Any CPU
	EndGlobalSection
	GlobalSection(ProjectConfigurationPlatforms) = postSolution
		{D99963FE-79C8-4428-93C2-3B72C6A52DAB}.Debug|Any CPU.ActiveCfg = Debug|Any CPU
		{D99963FE-79C8-4428-93C2-3B72C6A52DAB}.Debug|Any CPU.Build.0 = Debug|Any CPU
		{D99963FE-79C8-4428-93C2-3B72C6A52DAB}.Release|Any CPU.ActiveCfg = Release|Any CPU
		{D99963FE-79C8-4428-93C2-3B72C6A52DAB}.Release|Any CPU.Build.0 = Release|Any CPU
		{8F3E523B-BB98-455D-9535-CD3CBDB9C26E}.Debug|Any CPU.ActiveCfg = Debug
		{8F3E523B-BB98-455D-9535-CD3CBDB9C26E}.Release|Any CPU.ActiveCfg = Release
		{8F3E523B-BB98-455D-9535-CD3CBDB9C26E}.Release|Any CPU.Build.0 = Release
		{F51B4241-678A-40E2-B029-816188522ED3}.Debug|Any CPU.ActiveCfg = Debug|Any CPU
		{F51B4241-678A-40E2-B029-816188522ED3}.Debug|Any CPU.Build.0 = Debug|Any CPU
		{F51B4241-678A-40E2-B029-816188522ED3}.Release|Any CPU.ActiveCfg = Release|Any CPU
		{F51B4241-678A-40E2-B029-816188522ED3}.Release|Any CPU.Build.0 = Release|Any CPU
		{E02BD446-5E8A-49CD-B859-0769FF71B495}.Debug|Any CPU.ActiveCfg = Debug|Any CPU
		{E02BD446-5E8A-49CD-B859-0769FF71B495}.Debug|Any CPU.Build.0 = Debug|Any CPU
		{E02BD446-5E8A-49CD-B859-0769FF71B495}.Release|Any CPU.ActiveCfg = Release|Any CPU
		{E02BD446-5E8A-49CD-B859-0769FF71B495}.Release|Any CPU.Build.0 = Release|Any CPU
		{4B423071-6CF4-4B94-BA09-37530A69923A}.Debug|Any CPU.ActiveCfg = Debug|Any CPU
		{4B423071-6CF4-4B94-BA09-37530A69923A}.Debug|Any CPU.Build.0 = Debug|Any CPU
		{4B423071-6CF4-4B94-BA09-37530A69923A}.Release|Any CPU.ActiveCfg = Release|Any CPU
		{4B423071-6CF4-4B94-BA09-37530A69923A}.Release|Any CPU.Build.0 = Release|Any CPU
		{BDA1BDEE-DA4B-4326-8D16-92566963CE01}.Debug|Any CPU.ActiveCfg = Debug|Any CPU
		{BDA1BDEE-DA4B-4326-8D16-92566963CE01}.Debug|Any CPU.Build.0 = Debug|Any CPU
		{BDA1BDEE-DA4B-4326-8D16-92566963CE01}.Release|Any CPU.ActiveCfg = Release|Any CPU
		{BDA1BDEE-DA4B-4326-8D16-92566963CE01}.Release|Any CPU.Build.0 = Release|Any CPU
		{9772F0E3-65BE-4EE8-8A9E-D800AF1510AA}.Debug|Any CPU.ActiveCfg = Debug|Any CPU
		{9772F0E3-65BE-4EE8-8A9E-D800AF1510AA}.Debug|Any CPU.Build.0 = Debug|Any CPU
		{9772F0E3-65BE-4EE8-8A9E-D800AF1510AA}.Release|Any CPU.ActiveCfg = Release|Any CPU
		{9772F0E3-65BE-4EE8-8A9E-D800AF1510AA}.Release|Any CPU.Build.0 = Release|Any CPU
		{27208B88-2563-4BCD-9761-C22D24DA00E0}.Debug|Any CPU.ActiveCfg = Debug|Any CPU
		{27208B88-2563-4BCD-9761-C22D24DA00E0}.Debug|Any CPU.Build.0 = Debug|Any CPU
		{27208B88-2563-4BCD-9761-C22D24DA00E0}.Release|Any CPU.ActiveCfg = Release|Any CPU
		{27208B88-2563-4BCD-9761-C22D24DA00E0}.Release|Any CPU.Build.0 = Release|Any CPU
	EndGlobalSection
	GlobalSection(SolutionProperties) = preSolution
		HideSolutionNode = FALSE
	EndGlobalSection
	GlobalSection(NestedProjects) = preSolution
		{F51B4241-678A-40E2-B029-816188522ED3} = {BE4C5421-2738-4272-9CB5-4C097A83DD44}
		{4B423071-6CF4-4B94-BA09-37530A69923A} = {BE4C5421-2738-4272-9CB5-4C097A83DD44}
		{BDA1BDEE-DA4B-4326-8D16-92566963CE01} = {BE4C5421-2738-4272-9CB5-4C097A83DD44}
		{9772F0E3-65BE-4EE8-8A9E-D800AF1510AA} = {BE4C5421-2738-4272-9CB5-4C097A83DD44}
	EndGlobalSection
	GlobalSection(ExtensibilityGlobals) = postSolution
		SolutionGuid = {71A5D191-D50D-490B-AC00-64F1DF15F2DE}
	EndGlobalSection
EndGlobal
